
Microsoft Visual Studio Solution File, Format Version 12.00
# Visual Studio Version 17
VisualStudioVersion = 17.10.34928.147
MinimumVisualStudioVersion = 10.0.40219.1
Project("{9A19103F-16F7-4668-BE54-9A1E7A4F7556}") = "TuiTrackerWebApp", "TuiTrackerWebApp\TuiTrackerWebApp.csproj", "{6310B703-59CF-4263-B0EB-42C45653139A}"
EndProject
Project("{FAE04EC0-301F-11D3-BF4B-00C04F79EFBC}") = "TuiTrackerWebApp.AppHost", "TuiTrackerWebApp.AppHost\TuiTrackerWebApp.AppHost.csproj", "{CBAC024B-7D8C-4591-B478-133D17FA0CA3}"
EndProject
Project("{9A19103F-16F7-4668-BE54-9A1E7A4F7556}") = "TuiTrackerWebApp.ServiceDefaults", "TuiTrackerWebApp.ServiceDefaults\TuiTrackerWebApp.ServiceDefaults.csproj", "{5487B44D-D645-4101-BE08-7987B26A8B33}"
EndProject
Global
	GlobalSection(SolutionConfigurationPlatforms) = preSolution
		Debug|Any CPU = Debug|Any CPU
		Release|Any CPU = Release|Any CPU
	EndGlobalSection
	GlobalSection(ProjectConfigurationPlatforms) = postSolution
		{6310B703-59CF-4263-B0EB-42C45653139A}.Debug|Any CPU.ActiveCfg = Debug|Any CPU
		{6310B703-59CF-4263-B0EB-42C45653139A}.Debug|Any CPU.Build.0 = Debug|Any CPU
		{6310B703-59CF-4263-B0EB-42C45653139A}.Release|Any CPU.ActiveCfg = Release|Any CPU
		{6310B703-59CF-4263-B0EB-42C45653139A}.Release|Any CPU.Build.0 = Release|Any CPU
		{CBAC024B-7D8C-4591-B478-133D17FA0CA3}.Debug|Any CPU.ActiveCfg = Debug|Any CPU
		{CBAC024B-7D8C-4591-B478-133D17FA0CA3}.Debug|Any CPU.Build.0 = Debug|Any CPU
		{CBAC024B-7D8C-4591-B478-133D17FA0CA3}.Release|Any CPU.ActiveCfg = Release|Any CPU
		{CBAC024B-7D8C-4591-B478-133D17FA0CA3}.Release|Any CPU.Build.0 = Release|Any CPU
		{5487B44D-D645-4101-BE08-7987B26A8B33}.Debug|Any CPU.ActiveCfg = Debug|Any CPU
		{5487B44D-D645-4101-BE08-7987B26A8B33}.Debug|Any CPU.Build.0 = Debug|Any CPU
		{5487B44D-D645-4101-BE08-7987B26A8B33}.Release|Any CPU.ActiveCfg = Release|Any CPU
		{5487B44D-D645-4101-BE08-7987B26A8B33}.Release|Any CPU.Build.0 = Release|Any CPU
	EndGlobalSection
	GlobalSection(SolutionProperties) = preSolution
		HideSolutionNode = FALSE
	EndGlobalSection
	GlobalSection(ExtensibilityGlobals) = postSolution
		SolutionGuid = {785F366B-8081-4E01-9B8B-6714FD0606B3}
	EndGlobalSection
EndGlobal
